
Microsoft Visual Studio Solution File, Format Version 12.00
# Visual Studio Version 17
VisualStudioVersion = 17.6.33723.286
MinimumVisualStudioVersion = 10.0.40219.1
Project("{2150E333-8FDC-42A3-9474-1A3956D46DE8}") = "WebUI", "WebUI", "{0970D45D-B6B4-4C2B-823E-77787BBB439D}"
EndProject
Project("{FAE04EC0-301F-11D3-BF4B-00C04F79EFBC}") = "TierBlog-WebUI-Site", "WebUI\TierBlog-WebUI-Site\TierBlog-WebUI-Site.csproj", "{892465B6-BCB3-4566-A05D-13B6AAD032AD}"
EndProject
Project("{FAE04EC0-301F-11D3-BF4B-00C04F79EFBC}") = "TierBlog-Model", "TierBlog-Model\TierBlog-Model.csproj", "{996CFE58-FB92-43E3-96A7-2AE5A289C206}"
EndProject
Project("{FAE04EC0-301F-11D3-BF4B-00C04F79EFBC}") = "TierBlog-Data", "TierBlog-Data\TierBlog-Data.csproj", "{9921A2A4-EDB6-4A85-9612-2F34046E97E6}"
EndProject
Project("{FAE04EC0-301F-11D3-BF4B-00C04F79EFBC}") = "TierBlog.WebUI.Infrastructure", "WebUI\TierBlog.WebUI.Infrastructure\TierBlog.WebUI.Infrastructure.csproj", "{D62CF6B3-3AA3-4FB9-B00C-9C621FA9A5B4}"
EndProject
Global
	GlobalSection(SolutionConfigurationPlatforms) = preSolution
		Debug|Any CPU = Debug|Any CPU
		Release|Any CPU = Release|Any CPU
	EndGlobalSection
	GlobalSection(ProjectConfigurationPlatforms) = postSolution
		{892465B6-BCB3-4566-A05D-13B6AAD032AD}.Debug|Any CPU.ActiveCfg = Debug|Any CPU
		{892465B6-BCB3-4566-A05D-13B6AAD032AD}.Debug|Any CPU.Build.0 = Debug|Any CPU
		{892465B6-BCB3-4566-A05D-13B6AAD032AD}.Release|Any CPU.ActiveCfg = Release|Any CPU
		{892465B6-BCB3-4566-A05D-13B6AAD032AD}.Release|Any CPU.Build.0 = Release|Any CPU
		{996CFE58-FB92-43E3-96A7-2AE5A289C206}.Debug|Any CPU.ActiveCfg = Debug|Any CPU
		{996CFE58-FB92-43E3-96A7-2AE5A289C206}.Debug|Any CPU.Build.0 = Debug|Any CPU
		{996CFE58-FB92-43E3-96A7-2AE5A289C206}.Release|Any CPU.ActiveCfg = Release|Any CPU
		{996CFE58-FB92-43E3-96A7-2AE5A289C206}.Release|Any CPU.Build.0 = Release|Any CPU
		{9921A2A4-EDB6-4A85-9612-2F34046E97E6}.Debug|Any CPU.ActiveCfg = Debug|Any CPU
		{9921A2A4-EDB6-4A85-9612-2F34046E97E6}.Debug|Any CPU.Build.0 = Debug|Any CPU
		{9921A2A4-EDB6-4A85-9612-2F34046E97E6}.Release|Any CPU.ActiveCfg = Release|Any CPU
		{9921A2A4-EDB6-4A85-9612-2F34046E97E6}.Release|Any CPU.Build.0 = Release|Any CPU
		{D62CF6B3-3AA3-4FB9-B00C-9C621FA9A5B4}.Debug|Any CPU.ActiveCfg = Debug|Any CPU
		{D62CF6B3-3AA3-4FB9-B00C-9C621FA9A5B4}.Debug|Any CPU.Build.0 = Debug|Any CPU
		{D62CF6B3-3AA3-4FB9-B00C-9C621FA9A5B4}.Release|Any CPU.ActiveCfg = Release|Any CPU
		{D62CF6B3-3AA3-4FB9-B00C-9C621FA9A5B4}.Release|Any CPU.Build.0 = Release|Any CPU
	EndGlobalSection
	GlobalSection(SolutionProperties) = preSolution
		HideSolutionNode = FALSE
	EndGlobalSection
	GlobalSection(NestedProjects) = preSolution
		{892465B6-BCB3-4566-A05D-13B6AAD032AD} = {0970D45D-B6B4-4C2B-823E-77787BBB439D}
		{D62CF6B3-3AA3-4FB9-B00C-9C621FA9A5B4} = {0970D45D-B6B4-4C2B-823E-77787BBB439D}
	EndGlobalSection
	GlobalSection(ExtensibilityGlobals) = postSolution
		SolutionGuid = {F5C40C84-625C-4485-B02F-C1BE8CBF0A42}
	EndGlobalSection
EndGlobal
